# THIS IS AN AUTOGENERATED FILE. DO NOT EDIT THIS FILE DIRECTLY.
# yarn lockfile v1


body-parser@1.1.0:
  version "1.1.0"
  resolved "https://registry.yarnpkg.com/body-parser/-/body-parser-1.1.0.tgz#e6a3c46063b329dab0eb7a31bdc1dca3b3185ab9"
  integrity sha512-9yrm354GLsytztMuoUf8uRI0wZ7TJQnLBAfSEVxy6KYe7Kp7A6917RLn80EwLKH8qb99pK2azVOMwu73hKHFZA==
  dependencies:
    qs "0.6.6"
    raw-body "1.1.4"
    type-is "1.1.0"

bytes@~0.3.0:
  version "0.3.0"
  resolved "https://registry.yarnpkg.com/bytes/-/bytes-0.3.0.tgz#78e2e0e28c7f9c7b988ea8aee0db4d5fa9941935"
  integrity sha512-koasz05sePZ8FLtyBSyGGlrvr1DYqr+D/MFXkz9afRugTCGKuqw6fjWMMmaCWEKtmWpgOnaGI4qlw/hPyyYX6g==

mime@~1.2.11:
  version "1.2.11"
  resolved "https://registry.yarnpkg.com/mime/-/mime-1.2.11.tgz#58203eed86e3a5ef17aed2b7d9ebd47f0a60dd10"
  integrity sha512-Ysa2F/nqTNGHhhm9MV8ure4+Hc+Y8AWiqUdHxsO7xu8zc92ND9f3kpALHjaP026Ft17UfxrMt95c50PLUeynBw==

qs@0.6.6:
  version "0.6.6"
  resolved "https://registry.yarnpkg.com/qs/-/qs-0.6.6.tgz#6e015098ff51968b8a3c819001d5f2c89bc4b107"
  integrity sha512-kN+yNdAf29Jgp+AYHUmC7X4QdJPR8czuMWLNLc0aRxkQ7tB3vJQEONKKT9ou/rW7EbqVec11srC9q9BiVbcnHA==

raw-body@1.1.4:
  version "1.1.4"
  resolved "https://registry.yarnpkg.com/raw-body/-/raw-body-1.1.4.tgz#f0b5624388d031f63da07f870c86cb9ccadcb67d"
  integrity sha512-BDwZAZe9kLUnOYUI5P//8Jc7HFoKTDaeLGFuoo9cmPhhzSXvIVovcsbuQT0wWtGBMMwEgME0CRQYRU6yUa5xQA==
  dependencies:
    bytes "~0.3.0"

type-is@1.1.0:
  version "1.1.0"
  resolved "https://registry.yarnpkg.com/type-is/-/type-is-1.1.0.tgz#d0245ec8b2676668d59dd0cf3255060676a57db6"
  integrity sha512-bGTRFAlk7i/YYyx/d1xYm6gLrALwTcY2HLwsVqAIPKJjjtlI/rGXRgjQrcOln2fcHCbAqi0hrueZ2yPnHvCipQ==
  dependencies:
    mime "~1.2.11"
